
Microsoft Visual Studio Solution File, Format Version 12.00
# Visual Studio Version 16
VisualStudioVersion = 16.0.31911.196
MinimumVisualStudioVersion = 10.0.40219.1
Project("{FAE04EC0-301F-11D3-BF4B-00C04F79EFBC}") = "Book", "Book\Book.csproj", "{3BA42FA1-AA89-4754-AEB2-5D2401FC9627}"
EndProject
Global
	GlobalSection(SolutionConfigurationPlatforms) = preSolution
		Debug|Any CPU = Debug|Any CPU
		Release|Any CPU = Release|Any CPU
	EndGlobalSection
	GlobalSection(ProjectConfigurationPlatforms) = postSolution
		{3BA42FA1-AA89-4754-AEB2-5D2401FC9627}.Debug|Any CPU.ActiveCfg = Debug|Any CPU
		{3BA42FA1-AA89-4754-AEB2-5D2401FC9627}.Debug|Any CPU.Build.0 = Debug|Any CPU
		{3BA42FA1-AA89-4754-AEB2-5D2401FC9627}.Release|Any CPU.ActiveCfg = Release|Any CPU
		{3BA42FA1-AA89-4754-AEB2-5D2401FC9627}.Release|Any CPU.Build.0 = Release|Any CPU
	EndGlobalSection
	GlobalSection(SolutionProperties) = preSolution
		HideSolutionNode = FALSE
	EndGlobalSection
	GlobalSection(ExtensibilityGlobals) = postSolution
		SolutionGuid = {B1E90EC5-9E8E-46D0-8B5C-F330D0EAD6C3}
	EndGlobalSection
EndGlobal
